# This file is automatically @generated by Poetry 1.8.4 and should not be changed by hand.

[[package]]
name = "cowpy"
version = "1.1.5"
description = ""
optional = false
python-versions = ">=3.6"
files = [
    {file = "cowpy-1.1.5-py3-none-any.whl", hash = "sha256:de5ae7646dd30b4936013666c6bd019af9cf411cc3b377c8538cfd8414262921"},
    {file = "cowpy-1.1.5.tar.gz", hash = "sha256:089172db1d88c30a2e1b741b18945ee84170bd943a3ca71948e4ae3a3255e554"},
]

[metadata]
lock-version = "2.0"
python-versions = ">=3.10,<3.11"
content-hash = "87480f0f6ce6855ffef28fcb3fda961db488f6301ae5f1f4289583bfcd18830c"
